
Microsoft Visual Studio Solution File, Format Version 12.00
# Visual Studio Version 17
VisualStudioVersion = 17.14.36301.6 d17.14
MinimumVisualStudioVersion = 10.0.40219.1
Project("{FAE04EC0-301F-11D3-BF4B-00C04F79EFBC}") = "Recap of MonoGame", "Recap of MonoGame\Recap of MonoGame.csproj", "{7464DA89-A497-413E-AC6F-3F3555FAC0B7}"
EndProject
Global
	GlobalSection(SolutionConfigurationPlatforms) = preSolution
		Debug|Any CPU = Debug|Any CPU
		Release|Any CPU = Release|Any CPU
	EndGlobalSection
	GlobalSection(ProjectConfigurationPlatforms) = postSolution
		{7464DA89-A497-413E-AC6F-3F3555FAC0B7}.Debug|Any CPU.ActiveCfg = Debug|Any CPU
		{7464DA89-A497-413E-AC6F-3F3555FAC0B7}.Debug|Any CPU.Build.0 = Debug|Any CPU
		{7464DA89-A497-413E-AC6F-3F3555FAC0B7}.Release|Any CPU.ActiveCfg = Release|Any CPU
		{7464DA89-A497-413E-AC6F-3F3555FAC0B7}.Release|Any CPU.Build.0 = Release|Any CPU
	EndGlobalSection
	GlobalSection(SolutionProperties) = preSolution
		HideSolutionNode = FALSE
	EndGlobalSection
	GlobalSection(ExtensibilityGlobals) = postSolution
		SolutionGuid = {3792F00F-9903-486E-B075-05AF2DA92185}
	EndGlobalSection
EndGlobal
